// !$*UTF8*$!
{
	archiveVersion = 1;
	classes = {
	};
	objectVersion = 52;
	objects = {

/* Begin PBXBuildFile section */
		3C036F8F244A4E6D00D668EB /* ColumnLayout in Frameworks */ = {isa = PBXBuildFile; productRef = 3C036F8E244A4E6D00D668EB /* ColumnLayout */; };
		3C465B4D242ABF6D001B5F19 /* AppDelegate.swift in Sources */ = {isa = PBXBuildFile; fileRef = 3C465B4C242ABF6D001B5F19 /* AppDelegate.swift */; };
		3C465B56242ABF6E001B5F19 /* Assets.xcassets in Resources */ = {isa = PBXBuildFile; fileRef = 3C465B55242ABF6E001B5F19 /* Assets.xcassets */; };
		3C465B59242ABF6E001B5F19 /* LaunchScreen.storyboard in Resources */ = {isa = PBXBuildFile; fileRef = 3C465B57242ABF6E001B5F19 /* LaunchScreen.storyboard */; };
		3C465B5F242ABFBD001B5F19 /* ColumnLayoutExampleViewController.swift in Sources */ = {isa = PBXBuildFile; fileRef = 3C465B5E242ABFBD001B5F19 /* ColumnLayoutExampleViewController.swift */; };
		3C465B67242AC227001B5F19 /* ColumnLayoutExampleView.swift in Sources */ = {isa = PBXBuildFile; fileRef = 3C465B66242AC227001B5F19 /* ColumnLayoutExampleView.swift */; };
		3C465B69242AC23B001B5F19 /* ColumnLayoutExampleCollectionViewDataSource.swift in Sources */ = {isa = PBXBuildFile; fileRef = 3C465B68242AC23B001B5F19 /* ColumnLayoutExampleCollectionViewDataSource.swift */; };
		3C465B6B242AC24F001B5F19 /* ColumnLayoutExampleLayoutDelegate.swift in Sources */ = {isa = PBXBuildFile; fileRef = 3C465B6A242AC24F001B5F19 /* ColumnLayoutExampleLayoutDelegate.swift */; };
		3C465B6D242AC268001B5F19 /* ColumnLayoutExampleSectionType.swift in Sources */ = {isa = PBXBuildFile; fileRef = 3C465B6C242AC268001B5F19 /* ColumnLayoutExampleSectionType.swift */; };
/* End PBXBuildFile section */

/* Begin PBXFileReference section */
		3C465B4A242ABF6D001B5F19 /* ColumnLayoutExample.app */ = {isa = PBXFileReference; explicitFileType = wrapper.application; includeInIndex = 0; path = ColumnLayoutExample.app; sourceTree = BUILT_PRODUCTS_DIR; };
		3C465B4C242ABF6D001B5F19 /* AppDelegate.swift */ = {isa = PBXFileReference; lastKnownFileType = sourcecode.swift; path = AppDelegate.swift; sourceTree = "<group>"; };
		3C465B55242ABF6E001B5F19 /* Assets.xcassets */ = {isa = PBXFileReference; lastKnownFileType = folder.assetcatalog; path = Assets.xcassets; sourceTree = "<group>"; };
		3C465B58242ABF6E001B5F19 /* Base */ = {isa = PBXFileReference; lastKnownFileType = file.storyboard; name = Base; path = Base.lproj/LaunchScreen.storyboard; sourceTree = "<group>"; };
		3C465B5A242ABF6E001B5F19 /* Info.plist */ = {isa = PBXFileReference; lastKnownFileType = text.plist.xml; path = Info.plist; sourceTree = "<group>"; };
		3C465B5E242ABFBD001B5F19 /* ColumnLayoutExampleViewController.swift */ = {isa = PBXFileReference; lastKnownFileType = sourcecode.swift; path = ColumnLayoutExampleViewController.swift; sourceTree = "<group>"; };
		3C465B66242AC227001B5F19 /* ColumnLayoutExampleView.swift */ = {isa = PBXFileReference; lastKnownFileType = sourcecode.swift; path = ColumnLayoutExampleView.swift; sourceTree = "<group>"; };
		3C465B68242AC23B001B5F19 /* ColumnLayoutExampleCollectionViewDataSource.swift */ = {isa = PBXFileReference; lastKnownFileType = sourcecode.swift; path = ColumnLayoutExampleCollectionViewDataSource.swift; sourceTree = "<group>"; };
		3C465B6A242AC24F001B5F19 /* ColumnLayoutExampleLayoutDelegate.swift */ = {isa = PBXFileReference; lastKnownFileType = sourcecode.swift; path = ColumnLayoutExampleLayoutDelegate.swift; sourceTree = "<group>"; };
		3C465B6C242AC268001B5F19 /* ColumnLayoutExampleSectionType.swift */ = {isa = PBXFileReference; lastKnownFileType = sourcecode.swift; path = ColumnLayoutExampleSectionType.swift; sourceTree = "<group>"; };
/* End PBXFileReference section */

/* Begin PBXFrameworksBuildPhase section */
		3C465B47242ABF6D001B5F19 /* Frameworks */ = {
			isa = PBXFrameworksBuildPhase;
			buildActionMask = 2147483647;
			files = (
				3C036F8F244A4E6D00D668EB /* ColumnLayout in Frameworks */,
			);
			runOnlyForDeploymentPostprocessing = 0;
		};
/* End PBXFrameworksBuildPhase section */

/* Begin PBXGroup section */
		3C465B4B242ABF6D001B5F19 /* ColumnLayoutExample */ = {
			isa = PBXGroup;
			children = (
				3C465B4C242ABF6D001B5F19 /* AppDelegate.swift */,
				3C465B6E242AC278001B5F19 /* ViewController */,
				3C465B55242ABF6E001B5F19 /* Assets.xcassets */,
				3C465B57242ABF6E001B5F19 /* LaunchScreen.storyboard */,
				3C465B5A242ABF6E001B5F19 /* Info.plist */,
			);
			path = ColumnLayoutExample;
			sourceTree = "<group>";
		};
		3C465B60242AC04B001B5F19 /* Frameworks */ = {
			isa = PBXGroup;
			children = (
			);
			name = Frameworks;
			sourceTree = "<group>";
		};
		3C465B6E242AC278001B5F19 /* ViewController */ = {
			isa = PBXGroup;
			children = (
				3C465B6C242AC268001B5F19 /* ColumnLayoutExampleSectionType.swift */,
				3C465B6A242AC24F001B5F19 /* ColumnLayoutExampleLayoutDelegate.swift */,
				3C465B66242AC227001B5F19 /* ColumnLayoutExampleView.swift */,
				3C465B68242AC23B001B5F19 /* ColumnLayoutExampleCollectionViewDataSource.swift */,
				3C465B5E242ABFBD001B5F19 /* ColumnLayoutExampleViewController.swift */,
			);
			path = ViewController;
			sourceTree = "<group>";
		};
		3CEB7B6E225012D300455305 = {
			isa = PBXGroup;
			children = (
				3C465B4B242ABF6D001B5F19 /* ColumnLayoutExample */,
				3CEB7B79225012D300455305 /* Products */,
				3C465B60242AC04B001B5F19 /* Frameworks */,
			);
			sourceTree = "<group>";
		};
		3CEB7B79225012D300455305 /* Products */ = {
			isa = PBXGroup;
			children = (
				3C465B4A242ABF6D001B5F19 /* ColumnLayoutExample.app */,
			);
			name = Products;
			sourceTree = "<group>";
		};
/* End PBXGroup section */

/* Begin PBXNativeTarget section */
		3C465B49242ABF6D001B5F19 /* ColumnLayoutExample */ = {
			isa = PBXNativeTarget;
			buildConfigurationList = 3C465B5B242ABF6E001B5F19 /* Build configuration list for PBXNativeTarget "ColumnLayoutExample" */;
			buildPhases = (
				3C465B46242ABF6D001B5F19 /* Sources */,
				3C465B47242ABF6D001B5F19 /* Frameworks */,
				3C465B48242ABF6D001B5F19 /* Resources */,
			);
			buildRules = (
			);
			dependencies = (
			);
			name = ColumnLayoutExample;
			packageProductDependencies = (
				3C036F8E244A4E6D00D668EB /* ColumnLayout */,
			);
			productName = ColumnLayoutExample;
			productReference = 3C465B4A242ABF6D001B5F19 /* ColumnLayoutExample.app */;
			productType = "com.apple.product-type.application";
		};
/* End PBXNativeTarget section */

/* Begin PBXProject section */
		3CEB7B6F225012D300455305 /* Project object */ = {
			isa = PBXProject;
			attributes = {
				LastSwiftUpdateCheck = 1140;
				LastUpgradeCheck = 1020;
				ORGANIZATIONNAME = "Majid Boudaoud";
				TargetAttributes = {
					3C465B49242ABF6D001B5F19 = {
						CreatedOnToolsVersion = 11.4;
					};
				};
			};
			buildConfigurationList = 3CEB7B72225012D300455305 /* Build configuration list for PBXProject "ColumnLayout" */;
			compatibilityVersion = "Xcode 9.3";
			developmentRegion = en;
			hasScannedForEncodings = 0;
			knownRegions = (
				en,
				Base,
			);
			mainGroup = 3CEB7B6E225012D300455305;
			productRefGroup = 3CEB7B79225012D300455305 /* Products */;
			projectDirPath = "";
			projectRoot = "";
			targets = (
				3C465B49242ABF6D001B5F19 /* ColumnLayoutExample */,
			);
		};
/* End PBXProject section */

/* Begin PBXResourcesBuildPhase section */
		3C465B48242ABF6D001B5F19 /* Resources */ = {
			isa = PBXResourcesBuildPhase;
			buildActionMask = 2147483647;
			files = (
				3C465B59242ABF6E001B5F19 /* LaunchScreen.storyboard in Resources */,
				3C465B56242ABF6E001B5F19 /* Assets.xcassets in Resources */,
			);
			runOnlyForDeploymentPostprocessing = 0;
		};
/* End PBXResourcesBuildPhase section */

/* Begin PBXSourcesBuildPhase section */
		3C465B46242ABF6D001B5F19 /* Sources */ = {
			isa = PBXSourcesBuildPhase;
			buildActionMask = 2147483647;
			files = (
				3C465B6B242AC24F001B5F19 /* ColumnLayoutExampleLayoutDelegate.swift in Sources */,
				3C465B4D242ABF6D001B5F19 /* AppDelegate.swift in Sources */,
				3C465B5F242ABFBD001B5F19 /* ColumnLayoutExampleViewController.swift in Sources */,
				3C465B69242AC23B001B5F19 /* ColumnLayoutExampleCollectionViewDataSource.swift in Sources */,
				3C465B6D242AC268001B5F19 /* ColumnLayoutExampleSectionType.swift in Sources */,
				3C465B67242AC227001B5F19 /* ColumnLayoutExampleView.swift in Sources */,
			);
			runOnlyForDeploymentPostprocessing = 0;
		};
/* End PBXSourcesBuildPhase section */

/* Begin PBXVariantGroup section */
		3C465B57242ABF6E001B5F19 /* LaunchScreen.storyboard */ = {
			isa = PBXVariantGroup;
			children = (
				3C465B58242ABF6E001B5F19 /* Base */,
			);
			name = LaunchScreen.storyboard;
			sourceTree = "<group>";
		};
/* End PBXVariantGroup section */

/* Begin XCBuildConfiguration section */
		3C465B5C242ABF6E001B5F19 /* Debug */ = {
			isa = XCBuildConfiguration;
			buildSettings = {
				ASSETCATALOG_COMPILER_APPICON_NAME = AppIcon;
				CODE_SIGN_STYLE = Automatic;
				DEVELOPMENT_TEAM = 2VUA56FA2C;
				INFOPLIST_FILE = ColumnLayoutExample/Info.plist;
				IPHONEOS_DEPLOYMENT_TARGET = 13.4;
				LD_RUNPATH_SEARCH_PATHS = (
					"$(inherited)",
					"@executable_path/Frameworks",
				);
				PRODUCT_BUNDLE_IDENTIFIER = com.majidboudaoud.ColumnLayoutExample;
				PRODUCT_NAME = "$(TARGET_NAME)";
				SWIFT_VERSION = 5.0;
				TARGETED_DEVICE_FAMILY = "1,2";
			};
			name = Debug;
		};
		3C465B5D242ABF6E001B5F19 /* Release */ = {
			isa = XCBuildConfiguration;
			buildSettings = {
				ASSETCATALOG_COMPILER_APPICON_NAME = AppIcon;
				CODE_SIGN_STYLE = Automatic;
				DEVELOPMENT_TEAM = 2VUA56FA2C;
				INFOPLIST_FILE = ColumnLayoutExample/Info.plist;
				IPHONEOS_DEPLOYMENT_TARGET = 13.4;
				LD_RUNPATH_SEARCH_PATHS = (
					"$(inherited)",
					"@executable_path/Frameworks",
				);
				PRODUCT_BUNDLE_IDENTIFIER = com.majidboudaoud.ColumnLayoutExample;
				PRODUCT_NAME = "$(TARGET_NAME)";
				SWIFT_VERSION = 5.0;
				TARGETED_DEVICE_FAMILY = "1,2";
			};
			name = Release;
		};
		3CEB7B8A225012D300455305 /* Debug */ = {
			isa = XCBuildConfiguration;
			buildSettings = {
				ALWAYS_SEARCH_USER_PATHS = NO;
				CLANG_ANALYZER_NONNULL = YES;
				CLANG_ANALYZER_NUMBER_OBJECT_CONVERSION = YES_AGGRESSIVE;
				CLANG_CXX_LANGUAGE_STANDARD = "gnu++14";
				CLANG_CXX_LIBRARY = "libc++";
				CLANG_ENABLE_MODULES = YES;
				CLANG_ENABLE_OBJC_ARC = YES;
				CLANG_ENABLE_OBJC_WEAK = YES;
				CLANG_WARN_BLOCK_CAPTURE_AUTORELEASING = YES;
				CLANG_WARN_BOOL_CONVERSION = YES;
				CLANG_WARN_COMMA = YES;
				CLANG_WARN_CONSTANT_CONVERSION = YES;
				CLANG_WARN_DEPRECATED_OBJC_IMPLEMENTATIONS = YES;
				CLANG_WARN_DIRECT_OBJC_ISA_USAGE = YES_ERROR;
				CLANG_WARN_DOCUMENTATION_COMMENTS = YES;
				CLANG_WARN_EMPTY_BODY = YES;
				CLANG_WARN_ENUM_CONVERSION = YES;
				CLANG_WARN_INFINITE_RECURSION = YES;
				CLANG_WARN_INT_CONVERSION = YES;
				CLANG_WARN_NON_LITERAL_NULL_CONVERSION = YES;
				CLANG_WARN_OBJC_IMPLICIT_RETAIN_SELF = YES;
				CLANG_WARN_OBJC_LITERAL_CONVERSION = YES;
				CLANG_WARN_OBJC_ROOT_CLASS = YES_ERROR;
				CLANG_WARN_RANGE_LOOP_ANALYSIS = YES;
				CLANG_WARN_STRICT_PROTOTYPES = YES;
				CLANG_WARN_SUSPICIOUS_MOVE = YES;
				CLANG_WARN_UNGUARDED_AVAILABILITY = YES_AGGRESSIVE;
				CLANG_WARN_UNREACHABLE_CODE = YES;
				CLANG_WARN__DUPLICATE_METHOD_MATCH = YES;
				CODE_SIGN_IDENTITY = "iPhone Developer";
				COPY_PHASE_STRIP = NO;
				CURRENT_PROJECT_VERSION = 1;
				DEBUG_INFORMATION_FORMAT = dwarf;
				ENABLE_STRICT_OBJC_MSGSEND = YES;
				ENABLE_TESTABILITY = YES;
				GCC_C_LANGUAGE_STANDARD = gnu11;
				GCC_DYNAMIC_NO_PIC = NO;
				GCC_NO_COMMON_BLOCKS = YES;
				GCC_OPTIMIZATION_LEVEL = 0;
				GCC_PREPROCESSOR_DEFINITIONS = (
					"DEBUG=1",
					"$(inherited)",
				);
				GCC_WARN_64_TO_32_BIT_CONVERSION = YES;
				GCC_WARN_ABOUT_RETURN_TYPE = YES_ERROR;
				GCC_WARN_UNDECLARED_SELECTOR = YES;
				GCC_WARN_UNINITIALIZED_AUTOS = YES_AGGRESSIVE;
				GCC_WARN_UNUSED_FUNCTION = YES;
				GCC_WARN_UNUSED_VARIABLE = YES;
				IPHONEOS_DEPLOYMENT_TARGET = 12.2;
				MTL_ENABLE_DEBUG_INFO = INCLUDE_SOURCE;
				MTL_FAST_MATH = YES;
				ONLY_ACTIVE_ARCH = YES;
				SDKROOT = iphoneos;
				SWIFT_ACTIVE_COMPILATION_CONDITIONS = DEBUG;
				SWIFT_OPTIMIZATION_LEVEL = "-Onone";
				VERSIONING_SYSTEM = "apple-generic";
				VERSION_INFO_PREFIX = "";
			};
			name = Debug;
		};
		3CEB7B8B225012D300455305 /* Release */ = {
			isa = XCBuildConfiguration;
			buildSettings = {
				ALWAYS_SEARCH_USER_PATHS = NO;
				CLANG_ANALYZER_NONNULL = YES;
				CLANG_ANALYZER_NUMBER_OBJECT_CONVERSION = YES_AGGRESSIVE;
				CLANG_CXX_LANGUAGE_STANDARD = "gnu++14";
				CLANG_CXX_LIBRARY = "libc++";
				CLANG_ENABLE_MODULES = YES;
				CLANG_ENABLE_OBJC_ARC = YES;
				CLANG_ENABLE_OBJC_WEAK = YES;
				CLANG_WARN_BLOCK_CAPTURE_AUTORELEASING = YES;
				CLANG_WARN_BOOL_CONVERSION = YES;
				CLANG_WARN_COMMA = YES;
				CLANG_WARN_CONSTANT_CONVERSION = YES;
				CLANG_WARN_DEPRECATED_OBJC_IMPLEMENTATIONS = YES;
				CLANG_WARN_DIRECT_OBJC_ISA_USAGE = YES_ERROR;
				CLANG_WARN_DOCUMENTATION_COMMENTS = YES;
				CLANG_WARN_EMPTY_BODY = YES;
				CLANG_WARN_ENUM_CONVERSION = YES;
				CLANG_WARN_INFINITE_RECURSION = YES;
				CLANG_WARN_INT_CONVERSION = YES;
				CLANG_WARN_NON_LITERAL_NULL_CONVERSION = YES;
				CLANG_WARN_OBJC_IMPLICIT_RETAIN_SELF = YES;
				CLANG_WARN_OBJC_LITERAL_CONVERSION = YES;
				CLANG_WARN_OBJC_ROOT_CLASS = YES_ERROR;
				CLANG_WARN_RANGE_LOOP_ANALYSIS = YES;
				CLANG_WARN_STRICT_PROTOTYPES = YES;
				CLANG_WARN_SUSPICIOUS_MOVE = YES;
				CLANG_WARN_UNGUARDED_AVAILABILITY = YES_AGGRESSIVE;
				CLANG_WARN_UNREACHABLE_CODE = YES;
				CLANG_WARN__DUPLICATE_METHOD_MATCH = YES;
				CODE_SIGN_IDENTITY = "iPhone Developer";
				COPY_PHASE_STRIP = NO;
				CURRENT_PROJECT_VERSION = 1;
				DEBUG_INFORMATION_FORMAT = "dwarf-with-dsym";
				ENABLE_NS_ASSERTIONS = NO;
				ENABLE_STRICT_OBJC_MSGSEND = YES;
				GCC_C_LANGUAGE_STANDARD = gnu11;
				GCC_NO_COMMON_BLOCKS = YES;
				GCC_WARN_64_TO_32_BIT_CONVERSION = YES;
				GCC_WARN_ABOUT_RETURN_TYPE = YES_ERROR;
				GCC_WARN_UNDECLARED_SELECTOR = YES;
				GCC_WARN_UNINITIALIZED_AUTOS = YES_AGGRESSIVE;
				GCC_WARN_UNUSED_FUNCTION = YES;
				GCC_WARN_UNUSED_VARIABLE = YES;
				IPHONEOS_DEPLOYMENT_TARGET = 12.2;
				MTL_ENABLE_DEBUG_INFO = NO;
				MTL_FAST_MATH = YES;
				SDKROOT = iphoneos;
				SWIFT_COMPILATION_MODE = wholemodule;
				SWIFT_OPTIMIZATION_LEVEL = "-O";
				VALIDATE_PRODUCT = YES;
				VERSIONING_SYSTEM = "apple-generic";
				VERSION_INFO_PREFIX = "";
			};
			name = Release;
		};
/* End XCBuildConfiguration section */

/* Begin XCConfigurationList section */
		3C465B5B242ABF6E001B5F19 /* Build configuration list for PBXNativeTarget "ColumnLayoutExample" */ = {
			isa = XCConfigurationList;
			buildConfigurations = (
				3C465B5C242ABF6E001B5F19 /* Debug */,
				3C465B5D242ABF6E001B5F19 /* Release */,
			);
			defaultConfigurationIsVisible = 0;
			defaultConfigurationName = Release;
		};
		3CEB7B72225012D300455305 /* Build configuration list for PBXProject "ColumnLayout" */ = {
			isa = XCConfigurationList;
			buildConfigurations = (
				3CEB7B8A225012D300455305 /* Debug */,
				3CEB7B8B225012D300455305 /* Release */,
			);
			defaultConfigurationIsVisible = 0;
			defaultConfigurationName = Release;
		};
/* End XCConfigurationList section */

/* Begin XCSwiftPackageProductDependency section */
		3C036F8E244A4E6D00D668EB /* ColumnLayout */ = {
			isa = XCSwiftPackageProductDependency;
			productName = ColumnLayout;
		};
/* End XCSwiftPackageProductDependency section */
	};
	rootObject = 3CEB7B6F225012D300455305 /* Project object */;
}
